
Microsoft Visual Studio Solution File, Format Version 12.00
# Visual Studio Version 17
VisualStudioVersion = 17.5.002.0
MinimumVisualStudioVersion = 10.0.40219.1
Project("{9A19103F-16F7-4668-BE54-9A1E7A4F7556}") = "Exo.WebApi", "Exo.WebApi.csproj", "{7C715997-2515-48E3-9B26-34805CF1006F}"
EndProject
Global
	GlobalSection(SolutionConfigurationPlatforms) = preSolution
		Debug|Any CPU = Debug|Any CPU
		Release|Any CPU = Release|Any CPU
	EndGlobalSection
	GlobalSection(ProjectConfigurationPlatforms) = postSolution
		{7C715997-2515-48E3-9B26-34805CF1006F}.Debug|Any CPU.ActiveCfg = Debug|Any CPU
		{7C715997-2515-48E3-9B26-34805CF1006F}.Debug|Any CPU.Build.0 = Debug|Any CPU
		{7C715997-2515-48E3-9B26-34805CF1006F}.Release|Any CPU.ActiveCfg = Release|Any CPU
		{7C715997-2515-48E3-9B26-34805CF1006F}.Release|Any CPU.Build.0 = Release|Any CPU
	EndGlobalSection
	GlobalSection(SolutionProperties) = preSolution
		HideSolutionNode = FALSE
	EndGlobalSection
	GlobalSection(ExtensibilityGlobals) = postSolution
		SolutionGuid = {87E71A3A-D76F-4D15-B8E3-74958B30E99C}
	EndGlobalSection
EndGlobal
